
Microsoft Visual Studio Solution File, Format Version 12.00
# Visual Studio 2012
Project("{FAE04EC0-301F-11D3-BF4B-00C04F79EFBC}") = "ThreadBerco", "ThreadBerco\ThreadBerco.csproj", "{7DD13609-4720-429B-90C0-F36DA694AECB}"
EndProject
Global
	GlobalSection(SolutionConfigurationPlatforms) = preSolution
		Debug|x86 = Debug|x86
		Release|x86 = Release|x86
	EndGlobalSection
	GlobalSection(ProjectConfigurationPlatforms) = postSolution
		{7DD13609-4720-429B-90C0-F36DA694AECB}.Debug|x86.ActiveCfg = Debug|x86
		{7DD13609-4720-429B-90C0-F36DA694AECB}.Debug|x86.Build.0 = Debug|x86
		{7DD13609-4720-429B-90C0-F36DA694AECB}.Release|x86.ActiveCfg = Release|x86
		{7DD13609-4720-429B-90C0-F36DA694AECB}.Release|x86.Build.0 = Release|x86
	EndGlobalSection
EndGlobal
